{
  "name": "design-system",
  "version": "0.0.0",
  "lockfileVersion": 3,
  "requires": true,
  "packages": {
    "": {
      "name": "design-system",
      "version": "0.0.0",
      "license": "MIT",
      "dependencies": {
        "design-canvas": "0.1.0"
      },
      "devDependencies": {
        "prettier": "3.8.1"
      }
    },
    "node_modules/design-canvas": {
      "version": "0.1.0",
      "resolved": "https://registry.npmjs.org/design-canvas/-/design-canvas-0.1.0.tgz",
      "integrity": "sha512-TxrvdKC7yULUpSYpWE1avWQSYfPGduspE99/2ztsQVkZTONX+KNAPmjpdK2uJtHYRtnZDLHJKLyf6q09k8VXkQ==",
      "license": "MIT"
    },
    "node_modules/prettier": {
      "version": "3.8.1",
      "resolved": "https://registry.npmjs.org/prettier/-/prettier-3.8.1.tgz",
      "integrity": "sha512-UOnG6LftzbdaHZcKoPFtOcCKztrQ57WkHDeRD9t/PTQtmT0NHSeWWepj6pS0z/N7+08BHFDQVUrfmfMRcZwbMg==",
      "dev": true,
      "license": "MIT",
      "bin": {
        "prettier": "bin/prettier.cjs"
      },
      "engines": {
        "node": ">=14"
      },
      "funding": {
        "url": "https://github.com/prettier/prettier?sponsor=1"
      }
    }
  }
}
